{
  "name": "animica",
  "version": "0.1.12",
  "lockfileVersion": 3,
  "requires": true,
  "packages": {
    "": {
      "name": "animica",
      "version": "0.1.12",
      "license": "Apache-2.0",
      "dependencies": {
        "@animica/agent-core": "^0.1.11",
        "@animica/agent-sdk": "^0.1.11",
        "@animica/agent-ui": "^0.1.11",
        "animica-agent": "^0.1.11",
        "animica-node": "^0.1.11"
      },
      "bin": {
        "animica": "bin/animica.mjs"
      },
      "engines": {
        "node": ">=18.17"
      }
    },
    "node_modules/@animica/agent-core": {
      "version": "0.1.11",
      "resolved": "https://registry.npmjs.org/@animica/agent-core/-/agent-core-0.1.11.tgz",
      "integrity": "sha512-xKInPrvMlxrlM+vhmHFpFwOEJdgHpUDXUHrW4iMPT7tKstamHFR0OmdkFt6i56aH0iYyRFyRDxKsUCtQttuY+w==",
      "license": "Apache-2.0",
      "engines": {
        "node": ">=18.17"
      }
    },
    "node_modules/@animica/agent-sdk": {
      "version": "0.1.11",
      "resolved": "https://registry.npmjs.org/@animica/agent-sdk/-/agent-sdk-0.1.11.tgz",
      "integrity": "sha512-mej/qK1DZHGJ84Dl0KbU2cyqSjABgslXfmIE/5qT+3/rY3nnUbwbp1BwoRrkmpX5FjdG3UHlYPnTdVpJZDqpQA==",
      "license": "Apache-2.0",
      "dependencies": {
        "@animica/agent-core": "^0.1.11"
      },
      "engines": {
        "node": ">=18.17"
      }
    },
    "node_modules/@animica/agent-ui": {
      "version": "0.1.11",
      "resolved": "https://registry.npmjs.org/@animica/agent-ui/-/agent-ui-0.1.11.tgz",
      "integrity": "sha512-WKZCtLn1wyW5/OlDjxvpOxUZVdfPlOtfdKrB6CdHnY5Ao1NyR68hNKsJoW9lOshKI7MpbOGoyZr+oZPlMhXfcg==",
      "license": "Apache-2.0",
      "dependencies": {
        "@animica/agent-core": "^0.1.11"
      },
      "engines": {
        "node": ">=18.17"
      }
    },
    "node_modules/animica-agent": {
      "version": "0.1.11",
      "resolved": "https://registry.npmjs.org/animica-agent/-/animica-agent-0.1.11.tgz",
      "integrity": "sha512-8UExUDG8Drs9SnaVtq4LgN3RQRMU9qjB0DMtMxI58KxI1uUox+fSK67BuE4stPLJbB6T8ShLaDfX/5YHQvKagQ==",
      "license": "Apache-2.0",
      "dependencies": {
        "@animica/agent-core": "^0.1.11",
        "@animica/agent-ui": "^0.1.11"
      },
      "bin": {
        "animica-agent": "bin/animica-agent.mjs"
      },
      "engines": {
        "node": ">=18.17"
      }
    },
    "node_modules/animica-node": {
      "version": "0.1.11",
      "resolved": "https://registry.npmjs.org/animica-node/-/animica-node-0.1.11.tgz",
      "integrity": "sha512-1d/SYLybODPCN+neOOWjAfF8sXpBNghZCVVI2j7QysDgZHQfec5rdlRzZdoXXPSsLITVoJ2AYDF6Og6qlK4gHw==",
      "license": "Apache-2.0",
      "dependencies": {
        "@animica/agent-core": "^0.1.11"
      },
      "bin": {
        "animica-node": "bin/animica-node.mjs"
      },
      "engines": {
        "node": ">=18.17"
      }
    }
  }
}
